
Microsoft Visual Studio Solution File, Format Version 12.00
# Visual Studio Version 17
VisualStudioVersion = 17.6.33815.320
MinimumVisualStudioVersion = 10.0.40219.1
Project("{FAE04EC0-301F-11D3-BF4B-00C04F79EFBC}") = "Advent2023_14", "Advent2023_14.csproj", "{22C84EB0-7D9C-499E-AF65-A162396A6318}"
EndProject
Global
	GlobalSection(SolutionConfigurationPlatforms) = preSolution
		Debug|Any CPU = Debug|Any CPU
		Release|Any CPU = Release|Any CPU
	EndGlobalSection
	GlobalSection(ProjectConfigurationPlatforms) = postSolution
		{22C84EB0-7D9C-499E-AF65-A162396A6318}.Debug|Any CPU.ActiveCfg = Debug|Any CPU
		{22C84EB0-7D9C-499E-AF65-A162396A6318}.Debug|Any CPU.Build.0 = Debug|Any CPU
		{22C84EB0-7D9C-499E-AF65-A162396A6318}.Release|Any CPU.ActiveCfg = Release|Any CPU
		{22C84EB0-7D9C-499E-AF65-A162396A6318}.Release|Any CPU.Build.0 = Release|Any CPU
	EndGlobalSection
	GlobalSection(SolutionProperties) = preSolution
		HideSolutionNode = FALSE
	EndGlobalSection
	GlobalSection(ExtensibilityGlobals) = postSolution
		SolutionGuid = {47FD19AD-55CE-4E20-B6AD-ED7486977CA7}
	EndGlobalSection
EndGlobal
